
Microsoft Visual Studio Solution File, Format Version 12.00
# Visual Studio Version 16
VisualStudioVersion = 16.0.30717.126
MinimumVisualStudioVersion = 10.0.40219.1
Project("{FAE04EC0-301F-11D3-BF4B-00C04F79EFBC}") = "StudentMarks", "StudentMarks\StudentMarks.csproj", "{E48BCF55-CC2B-4A46-B814-FAEE4FCCCB1A}"
EndProject
Global
	GlobalSection(SolutionConfigurationPlatforms) = preSolution
		Debug|Any CPU = Debug|Any CPU
		Release|Any CPU = Release|Any CPU
	EndGlobalSection
	GlobalSection(ProjectConfigurationPlatforms) = postSolution
		{E48BCF55-CC2B-4A46-B814-FAEE4FCCCB1A}.Debug|Any CPU.ActiveCfg = Debug|Any CPU
		{E48BCF55-CC2B-4A46-B814-FAEE4FCCCB1A}.Debug|Any CPU.Build.0 = Debug|Any CPU
		{E48BCF55-CC2B-4A46-B814-FAEE4FCCCB1A}.Release|Any CPU.ActiveCfg = Release|Any CPU
		{E48BCF55-CC2B-4A46-B814-FAEE4FCCCB1A}.Release|Any CPU.Build.0 = Release|Any CPU
	EndGlobalSection
	GlobalSection(SolutionProperties) = preSolution
		HideSolutionNode = FALSE
	EndGlobalSection
	GlobalSection(ExtensibilityGlobals) = postSolution
		SolutionGuid = {A1049B51-24E3-43C0-918E-E370F7AA08A1}
	EndGlobalSection
EndGlobal
