
Microsoft Visual Studio Solution File, Format Version 12.00
# Visual Studio Version 16
VisualStudioVersion = 16.0.30717.126
MinimumVisualStudioVersion = 10.0.40219.1
Project("{FAE04EC0-301F-11D3-BF4B-00C04F79EFBC}") = "Assignment1", "Assignment1\Assignment1.csproj", "{EDECE30A-2557-4872-B097-4494CE370F3E}"
EndProject
Global
	GlobalSection(SolutionConfigurationPlatforms) = preSolution
		Debug|Any CPU = Debug|Any CPU
		Release|Any CPU = Release|Any CPU
	EndGlobalSection
	GlobalSection(ProjectConfigurationPlatforms) = postSolution
		{EDECE30A-2557-4872-B097-4494CE370F3E}.Debug|Any CPU.ActiveCfg = Debug|Any CPU
		{EDECE30A-2557-4872-B097-4494CE370F3E}.Debug|Any CPU.Build.0 = Debug|Any CPU
		{EDECE30A-2557-4872-B097-4494CE370F3E}.Release|Any CPU.ActiveCfg = Release|Any CPU
		{EDECE30A-2557-4872-B097-4494CE370F3E}.Release|Any CPU.Build.0 = Release|Any CPU
	EndGlobalSection
	GlobalSection(SolutionProperties) = preSolution
		HideSolutionNode = FALSE
	EndGlobalSection
	GlobalSection(ExtensibilityGlobals) = postSolution
		SolutionGuid = {01A3FAE3-AC62-4E53-A35E-6DE1D89D7AF8}
	EndGlobalSection
EndGlobal
